
Microsoft Visual Studio Solution File, Format Version 12.00
# Visual Studio Version 17
VisualStudioVersion = 17.1.32414.318
MinimumVisualStudioVersion = 10.0.40219.1
Project("{8BC9CEB8-8B4A-11D0-8D11-00A0C91BC942}") = "Project1", "Project1\Project1.vcxproj", "{07914E55-6216-44D9-88B8-F9DF0123664D}"
EndProject
Global
	GlobalSection(SolutionConfigurationPlatforms) = preSolution
		Debug|x64 = Debug|x64
		Debug|x86 = Debug|x86
		Release|x64 = Release|x64
		Release|x86 = Release|x86
	EndGlobalSection
	GlobalSection(ProjectConfigurationPlatforms) = postSolution
		{07914E55-6216-44D9-88B8-F9DF0123664D}.Debug|x64.ActiveCfg = Debug|x64
		{07914E55-6216-44D9-88B8-F9DF0123664D}.Debug|x64.Build.0 = Debug|x64
		{07914E55-6216-44D9-88B8-F9DF0123664D}.Debug|x86.ActiveCfg = Debug|Win32
		{07914E55-6216-44D9-88B8-F9DF0123664D}.Debug|x86.Build.0 = Debug|Win32
		{07914E55-6216-44D9-88B8-F9DF0123664D}.Release|x64.ActiveCfg = Release|x64
		{07914E55-6216-44D9-88B8-F9DF0123664D}.Release|x64.Build.0 = Release|x64
		{07914E55-6216-44D9-88B8-F9DF0123664D}.Release|x86.ActiveCfg = Release|Win32
		{07914E55-6216-44D9-88B8-F9DF0123664D}.Release|x86.Build.0 = Release|Win32
	EndGlobalSection
	GlobalSection(SolutionProperties) = preSolution
		HideSolutionNode = FALSE
	EndGlobalSection
	GlobalSection(ExtensibilityGlobals) = postSolution
		SolutionGuid = {53C01E48-BC84-4806-B813-29F896105BC1}
	EndGlobalSection
EndGlobal
